
Microsoft Visual Studio Solution File, Format Version 12.00
# Visual Studio Version 17
VisualStudioVersion = 17.6.33801.468
MinimumVisualStudioVersion = 10.0.40219.1
Project("{FAE04EC0-301F-11D3-BF4B-00C04F79EFBC}") = "CCCPractice2_DusaAndTheYobis_IshraqAlam", "CCCPractice2_DusaAndTheYobis_IshraqAlam\CCCPractice2_DusaAndTheYobis_IshraqAlam.csproj", "{C030BBFA-E416-4AF9-9DE9-C12020BE3395}"
EndProject
Global
	GlobalSection(SolutionConfigurationPlatforms) = preSolution
		Debug|Any CPU = Debug|Any CPU
		Release|Any CPU = Release|Any CPU
	EndGlobalSection
	GlobalSection(ProjectConfigurationPlatforms) = postSolution
		{C030BBFA-E416-4AF9-9DE9-C12020BE3395}.Debug|Any CPU.ActiveCfg = Debug|Any CPU
		{C030BBFA-E416-4AF9-9DE9-C12020BE3395}.Debug|Any CPU.Build.0 = Debug|Any CPU
		{C030BBFA-E416-4AF9-9DE9-C12020BE3395}.Release|Any CPU.ActiveCfg = Release|Any CPU
		{C030BBFA-E416-4AF9-9DE9-C12020BE3395}.Release|Any CPU.Build.0 = Release|Any CPU
	EndGlobalSection
	GlobalSection(SolutionProperties) = preSolution
		HideSolutionNode = FALSE
	EndGlobalSection
	GlobalSection(ExtensibilityGlobals) = postSolution
		SolutionGuid = {5EDF76DF-7D10-4B1B-A505-DE35C8B50F06}
	EndGlobalSection
EndGlobal
